
Microsoft Visual Studio Solution File, Format Version 12.00
# Visual Studio Version 17
VisualStudioVersion = 17.0.32014.148
MinimumVisualStudioVersion = 10.0.40219.1
Project("{FAE04EC0-301F-11D3-BF4B-00C04F79EFBC}") = "VendingMachineProgram", "VendingMachineProgram\VendingMachineProgram.csproj", "{1AA62B64-61FF-485E-84D3-45B2D0041413}"
EndProject
Global
	GlobalSection(SolutionConfigurationPlatforms) = preSolution
		Debug|Any CPU = Debug|Any CPU
		Release|Any CPU = Release|Any CPU
	EndGlobalSection
	GlobalSection(ProjectConfigurationPlatforms) = postSolution
		{1AA62B64-61FF-485E-84D3-45B2D0041413}.Debug|Any CPU.ActiveCfg = Debug|Any CPU
		{1AA62B64-61FF-485E-84D3-45B2D0041413}.Debug|Any CPU.Build.0 = Debug|Any CPU
		{1AA62B64-61FF-485E-84D3-45B2D0041413}.Release|Any CPU.ActiveCfg = Release|Any CPU
		{1AA62B64-61FF-485E-84D3-45B2D0041413}.Release|Any CPU.Build.0 = Release|Any CPU
	EndGlobalSection
	GlobalSection(SolutionProperties) = preSolution
		HideSolutionNode = FALSE
	EndGlobalSection
	GlobalSection(ExtensibilityGlobals) = postSolution
		SolutionGuid = {7B032C03-8E4D-4091-AA28-B50497FFA827}
	EndGlobalSection
EndGlobal
